
Microsoft Visual Studio Solution File, Format Version 12.00
# Visual Studio Version 17
VisualStudioVersion = 17.11.35327.3
MinimumVisualStudioVersion = 10.0.40219.1
Project("{FAE04EC0-301F-11D3-BF4B-00C04F79EFBC}") = "DatabaseDemo", "DatabaseDemo\DatabaseDemo.csproj", "{AEFF1677-8F04-4746-90DA-874FD3F31725}"
EndProject
Global
	GlobalSection(SolutionConfigurationPlatforms) = preSolution
		Debug|Any CPU = Debug|Any CPU
		Release|Any CPU = Release|Any CPU
	EndGlobalSection
	GlobalSection(ProjectConfigurationPlatforms) = postSolution
		{AEFF1677-8F04-4746-90DA-874FD3F31725}.Debug|Any CPU.ActiveCfg = Debug|Any CPU
		{AEFF1677-8F04-4746-90DA-874FD3F31725}.Debug|Any CPU.Build.0 = Debug|Any CPU
		{AEFF1677-8F04-4746-90DA-874FD3F31725}.Release|Any CPU.ActiveCfg = Release|Any CPU
		{AEFF1677-8F04-4746-90DA-874FD3F31725}.Release|Any CPU.Build.0 = Release|Any CPU
	EndGlobalSection
	GlobalSection(SolutionProperties) = preSolution
		HideSolutionNode = FALSE
	EndGlobalSection
	GlobalSection(ExtensibilityGlobals) = postSolution
		SolutionGuid = {D1798410-4626-4D61-9AAC-05A722462410}
	EndGlobalSection
EndGlobal
